
Microsoft Visual Studio Solution File, Format Version 12.00
# Visual Studio Version 16
VisualStudioVersion = 25.0.1706.13
MinimumVisualStudioVersion = 10.0.40219.1
Project("{FAE04EC0-301F-11D3-BF4B-00C04F79EFBC}") = "DemoAPI", "DemoAPI\DemoAPI.csproj", "{63A1A95D-2EDE-4330-8F82-7D56A1B39386}"
EndProject
Project("{FAE04EC0-301F-11D3-BF4B-00C04F79EFBC}") = "PersistentAPI", "PersistentAPI\PersistentAPI.csproj", "{5E25E129-2210-4698-B6B7-5D382D0F021E}"
EndProject
Global
	GlobalSection(SolutionConfigurationPlatforms) = preSolution
		Debug|Any CPU = Debug|Any CPU
		Release|Any CPU = Release|Any CPU
	EndGlobalSection
	GlobalSection(ProjectConfigurationPlatforms) = postSolution
		{63A1A95D-2EDE-4330-8F82-7D56A1B39386}.Debug|Any CPU.ActiveCfg = Debug|Any CPU
		{63A1A95D-2EDE-4330-8F82-7D56A1B39386}.Debug|Any CPU.Build.0 = Debug|Any CPU
		{63A1A95D-2EDE-4330-8F82-7D56A1B39386}.Release|Any CPU.ActiveCfg = Release|Any CPU
		{63A1A95D-2EDE-4330-8F82-7D56A1B39386}.Release|Any CPU.Build.0 = Release|Any CPU
		{5E25E129-2210-4698-B6B7-5D382D0F021E}.Debug|Any CPU.ActiveCfg = Debug|Any CPU
		{5E25E129-2210-4698-B6B7-5D382D0F021E}.Debug|Any CPU.Build.0 = Debug|Any CPU
		{5E25E129-2210-4698-B6B7-5D382D0F021E}.Release|Any CPU.ActiveCfg = Release|Any CPU
		{5E25E129-2210-4698-B6B7-5D382D0F021E}.Release|Any CPU.Build.0 = Release|Any CPU
	EndGlobalSection
	GlobalSection(SolutionProperties) = preSolution
		HideSolutionNode = FALSE
	EndGlobalSection
	GlobalSection(ExtensibilityGlobals) = postSolution
		SolutionGuid = {2CE6121D-FAA1-4ED1-B0B3-505D8657AC68}
	EndGlobalSection
EndGlobal
